{
  "name": "delivery-deploy",
  "lockfileVersion": 3,
  "requires": true,
  "packages": {
    "": {
      "name": "delivery-deploy",
      "devDependencies": {
        "@jorisjonkers-dev/deploy-kit": "0.7.0"
      }
    },
    "node_modules/@jorisjonkers-dev/deploy-kit": {
      "version": "0.7.0",
      "resolved": "https://npm.pkg.github.com/download/@jorisjonkers-dev/deploy-kit/0.7.0/735e1bf7754a294c52167d1f5c32b1cee326faa1",
      "integrity": "sha512-IQRAl/pHULV0rol390cfXa7chWC6R6DpqP/gi7UKJs3EkzO9Kvm9dedMPY6/UgEY227FGDrfjGhKBeJjmRes8g==",
      "dev": true,
      "license": "LicenseRef-JorisJonkers-Proprietary-1.0",
      "dependencies": {
        "yaml": "2.9.1",
        "zod": "4.6.5"
      },
      "bin": {
        "deploy-kit": "dist/cli/index.js"
      },
      "engines": {
        "node": ">=24"
      }
    },
    "node_modules/yaml": {
      "version": "2.9.1",
      "resolved": "https://registry.npmjs.org/yaml/-/yaml-2.9.1.tgz",
      "integrity": "sha512-3NxN8+78OdzbT7C/WjGsyfPAtJaN3FNDsWxv7Y7mcDsT/oOmgW8BpyQQFFBnvZE3j9Y2Sdz1ULFLezL7Eb2yFw==",
      "dev": true,
      "license": "ISC",
      "bin": {
        "yaml": "bin.mjs"
      },
      "engines": {
        "node": ">= 14.6"
      },
      "funding": {
        "url": "https://github.com/sponsors/eemeli"
      }
    },
    "node_modules/zod": {
      "version": "4.6.5",
      "resolved": "https://registry.npmjs.org/zod/-/zod-4.6.5.tgz",
      "integrity": "sha512-v5l/aFXZQeai4awLbOpSoHecE9UiMrnfx75tEXLjNonXVARxQ5mOeipTjROUchszUNCqnE+hqAMujRsRHsut2Q==",
      "dev": true,
      "license": "MIT",
      "funding": {
        "url": "https://github.com/sponsors/colinhacks"
      }
    }
  }
}
